// !$*UTF8*$!
{
	archiveVersion = 1;
	classes = {
	};
	objectVersion = 55;
	objects = {

/* Begin PBXBuildFile section */
		01F68A8257668D0C3622867B /* Pods_PunkApiTests.framework in Frameworks */ = {isa = PBXBuildFile; fileRef = 7924244A1EA22EAD12D79571 /* Pods_PunkApiTests.framework */; };
		B027C6315B3CCF3478BAEEF0 /* Pods_PunkApi_PunkApiUITests.framework in Frameworks */ = {isa = PBXBuildFile; fileRef = 857F6A63C4ED4289928679B4 /* Pods_PunkApi_PunkApiUITests.framework */; };
		BB7A874228290D200025FA55 /* BeersService.swift in Sources */ = {isa = PBXBuildFile; fileRef = BB7A874128290D200025FA55 /* BeersService.swift */; };
		BB7A8744282918310025FA55 /* Beers.swift in Sources */ = {isa = PBXBuildFile; fileRef = BB7A8743282918310025FA55 /* Beers.swift */; };
		BB7A87472829550E0025FA55 /* BeersPresenter.swift in Sources */ = {isa = PBXBuildFile; fileRef = BB7A87462829550E0025FA55 /* BeersPresenter.swift */; };
		BB7A874A282962570025FA55 /* LocalizableKey.swift in Sources */ = {isa = PBXBuildFile; fileRef = BB7A8749282962570025FA55 /* LocalizableKey.swift */; };
		BB7A874E282963090025FA55 /* Localizable.strings in Resources */ = {isa = PBXBuildFile; fileRef = BB7A8750282963090025FA55 /* Localizable.strings */; };
		BB7A8753282966080025FA55 /* Localizable+Strings.swift in Sources */ = {isa = PBXBuildFile; fileRef = BB7A8752282966080025FA55 /* Localizable+Strings.swift */; };
		BB7A8755282966F60025FA55 /* UIView+Extension.swift in Sources */ = {isa = PBXBuildFile; fileRef = BB7A8754282966F60025FA55 /* UIView+Extension.swift */; };
		BB7A87582829B0990025FA55 /* BeersTVCell.swift in Sources */ = {isa = PBXBuildFile; fileRef = BB7A87572829B0990025FA55 /* BeersTVCell.swift */; };
		BB7A875E2829B5740025FA55 /* Reusable.swift in Sources */ = {isa = PBXBuildFile; fileRef = BB7A875D2829B5740025FA55 /* Reusable.swift */; };
		BB7A87602829B5870025FA55 /* UITableView+Reusable.swift in Sources */ = {isa = PBXBuildFile; fileRef = BB7A875F2829B5870025FA55 /* UITableView+Reusable.swift */; };
		BB7A87622829B5CB0025FA55 /* NibLoadable.swift in Sources */ = {isa = PBXBuildFile; fileRef = BB7A87612829B5CB0025FA55 /* NibLoadable.swift */; };
		BB7A8764282A38300025FA55 /* Shadow+CALayer.swift in Sources */ = {isa = PBXBuildFile; fileRef = BB7A8763282A38300025FA55 /* Shadow+CALayer.swift */; };
		BB7FDCCF2826ADCB00CE0F5A /* AppDelegate.swift in Sources */ = {isa = PBXBuildFile; fileRef = BB7FDCCE2826ADCB00CE0F5A /* AppDelegate.swift */; };
		BB7FDCD12826ADCB00CE0F5A /* SceneDelegate.swift in Sources */ = {isa = PBXBuildFile; fileRef = BB7FDCD02826ADCB00CE0F5A /* SceneDelegate.swift */; };
		BB7FDCD32826ADCB00CE0F5A /* BeersViewController.swift in Sources */ = {isa = PBXBuildFile; fileRef = BB7FDCD22826ADCB00CE0F5A /* BeersViewController.swift */; };
		BB7FDCD82826ADCD00CE0F5A /* Assets.xcassets in Resources */ = {isa = PBXBuildFile; fileRef = BB7FDCD72826ADCD00CE0F5A /* Assets.xcassets */; };
		BB7FDCDB2826ADCD00CE0F5A /* LaunchScreen.storyboard in Resources */ = {isa = PBXBuildFile; fileRef = BB7FDCD92826ADCD00CE0F5A /* LaunchScreen.storyboard */; };
		BB7FDCE62826ADCD00CE0F5A /* PunkApiTests.swift in Sources */ = {isa = PBXBuildFile; fileRef = BB7FDCE52826ADCD00CE0F5A /* PunkApiTests.swift */; };
		BB7FDCF02826ADCD00CE0F5A /* PunkApiUITests.swift in Sources */ = {isa = PBXBuildFile; fileRef = BB7FDCEF2826ADCD00CE0F5A /* PunkApiUITests.swift */; };
		BB7FDCF22826ADCD00CE0F5A /* PunkApiUITestsLaunchTests.swift in Sources */ = {isa = PBXBuildFile; fileRef = BB7FDCF12826ADCD00CE0F5A /* PunkApiUITestsLaunchTests.swift */; };
		EA837B2B0B594A61F3AC9279 /* Pods_PunkApi.framework in Frameworks */ = {isa = PBXBuildFile; fileRef = C084207112DDE70DA9FC0630 /* Pods_PunkApi.framework */; };
/* End PBXBuildFile section */

/* Begin PBXContainerItemProxy section */
		BB7FDCE22826ADCD00CE0F5A /* PBXContainerItemProxy */ = {
			isa = PBXContainerItemProxy;
			containerPortal = BB7FDCC32826ADCB00CE0F5A /* Project object */;
			proxyType = 1;
			remoteGlobalIDString = BB7FDCCA2826ADCB00CE0F5A;
			remoteInfo = PunkApi;
		};
		BB7FDCEC2826ADCD00CE0F5A /* PBXContainerItemProxy */ = {
			isa = PBXContainerItemProxy;
			containerPortal = BB7FDCC32826ADCB00CE0F5A /* Project object */;
			proxyType = 1;
			remoteGlobalIDString = BB7FDCCA2826ADCB00CE0F5A;
			remoteInfo = PunkApi;
		};
/* End PBXContainerItemProxy section */

/* Begin PBXFileReference section */
		1D4C19A580E047607C68F03A /* Pods-PunkApi-PunkApiUITests.debug.xcconfig */ = {isa = PBXFileReference; includeInIndex = 1; lastKnownFileType = text.xcconfig; name = "Pods-PunkApi-PunkApiUITests.debug.xcconfig"; path = "Target Support Files/Pods-PunkApi-PunkApiUITests/Pods-PunkApi-PunkApiUITests.debug.xcconfig"; sourceTree = "<group>"; };
		4B6AF3BFD65EE9516A62072F /* Pods-PunkApi-PunkApiUITests.release.xcconfig */ = {isa = PBXFileReference; includeInIndex = 1; lastKnownFileType = text.xcconfig; name = "Pods-PunkApi-PunkApiUITests.release.xcconfig"; path = "Target Support Files/Pods-PunkApi-PunkApiUITests/Pods-PunkApi-PunkApiUITests.release.xcconfig"; sourceTree = "<group>"; };
		56A177E475E7FECE44422C75 /* Pods-PunkApiTests.debug.xcconfig */ = {isa = PBXFileReference; includeInIndex = 1; lastKnownFileType = text.xcconfig; name = "Pods-PunkApiTests.debug.xcconfig"; path = "Target Support Files/Pods-PunkApiTests/Pods-PunkApiTests.debug.xcconfig"; sourceTree = "<group>"; };
		7924244A1EA22EAD12D79571 /* Pods_PunkApiTests.framework */ = {isa = PBXFileReference; explicitFileType = wrapper.framework; includeInIndex = 0; path = Pods_PunkApiTests.framework; sourceTree = BUILT_PRODUCTS_DIR; };
		857F6A63C4ED4289928679B4 /* Pods_PunkApi_PunkApiUITests.framework */ = {isa = PBXFileReference; explicitFileType = wrapper.framework; includeInIndex = 0; path = Pods_PunkApi_PunkApiUITests.framework; sourceTree = BUILT_PRODUCTS_DIR; };
		AAEA5E9C074DD5FEF61D2FA0 /* Pods-PunkApiTests.release.xcconfig */ = {isa = PBXFileReference; includeInIndex = 1; lastKnownFileType = text.xcconfig; name = "Pods-PunkApiTests.release.xcconfig"; path = "Target Support Files/Pods-PunkApiTests/Pods-PunkApiTests.release.xcconfig"; sourceTree = "<group>"; };
		B4359A616540A0B7EB7444AE /* Pods-PunkApi.release.xcconfig */ = {isa = PBXFileReference; includeInIndex = 1; lastKnownFileType = text.xcconfig; name = "Pods-PunkApi.release.xcconfig"; path = "Target Support Files/Pods-PunkApi/Pods-PunkApi.release.xcconfig"; sourceTree = "<group>"; };
		BB7A874128290D200025FA55 /* BeersService.swift */ = {isa = PBXFileReference; lastKnownFileType = sourcecode.swift; path = BeersService.swift; sourceTree = "<group>"; };
		BB7A8743282918310025FA55 /* Beers.swift */ = {isa = PBXFileReference; lastKnownFileType = sourcecode.swift; path = Beers.swift; sourceTree = "<group>"; };
		BB7A87462829550E0025FA55 /* BeersPresenter.swift */ = {isa = PBXFileReference; lastKnownFileType = sourcecode.swift; path = BeersPresenter.swift; sourceTree = "<group>"; };
		BB7A8749282962570025FA55 /* LocalizableKey.swift */ = {isa = PBXFileReference; lastKnownFileType = sourcecode.swift; path = LocalizableKey.swift; sourceTree = "<group>"; };
		BB7A874F282963090025FA55 /* en */ = {isa = PBXFileReference; lastKnownFileType = text.plist.strings; name = en; path = en.lproj/Localizable.strings; sourceTree = "<group>"; };
		BB7A8752282966080025FA55 /* Localizable+Strings.swift */ = {isa = PBXFileReference; lastKnownFileType = sourcecode.swift; path = "Localizable+Strings.swift"; sourceTree = "<group>"; };
		BB7A8754282966F60025FA55 /* UIView+Extension.swift */ = {isa = PBXFileReference; lastKnownFileType = sourcecode.swift; path = "UIView+Extension.swift"; sourceTree = "<group>"; };
		BB7A87572829B0990025FA55 /* BeersTVCell.swift */ = {isa = PBXFileReference; lastKnownFileType = sourcecode.swift; path = BeersTVCell.swift; sourceTree = "<group>"; };
		BB7A875D2829B5740025FA55 /* Reusable.swift */ = {isa = PBXFileReference; lastKnownFileType = sourcecode.swift; path = Reusable.swift; sourceTree = "<group>"; };
		BB7A875F2829B5870025FA55 /* UITableView+Reusable.swift */ = {isa = PBXFileReference; lastKnownFileType = sourcecode.swift; path = "UITableView+Reusable.swift"; sourceTree = "<group>"; };
		BB7A87612829B5CB0025FA55 /* NibLoadable.swift */ = {isa = PBXFileReference; lastKnownFileType = sourcecode.swift; path = NibLoadable.swift; sourceTree = "<group>"; };
		BB7A8763282A38300025FA55 /* Shadow+CALayer.swift */ = {isa = PBXFileReference; lastKnownFileType = sourcecode.swift; path = "Shadow+CALayer.swift"; sourceTree = "<group>"; };
		BB7FDCCB2826ADCB00CE0F5A /* PunkApi.app */ = {isa = PBXFileReference; explicitFileType = wrapper.application; includeInIndex = 0; path = PunkApi.app; sourceTree = BUILT_PRODUCTS_DIR; };
		BB7FDCCE2826ADCB00CE0F5A /* AppDelegate.swift */ = {isa = PBXFileReference; lastKnownFileType = sourcecode.swift; path = AppDelegate.swift; sourceTree = "<group>"; };
		BB7FDCD02826ADCB00CE0F5A /* SceneDelegate.swift */ = {isa = PBXFileReference; lastKnownFileType = sourcecode.swift; path = SceneDelegate.swift; sourceTree = "<group>"; };
		BB7FDCD22826ADCB00CE0F5A /* BeersViewController.swift */ = {isa = PBXFileReference; lastKnownFileType = sourcecode.swift; path = BeersViewController.swift; sourceTree = "<group>"; };
		BB7FDCD72826ADCD00CE0F5A /* Assets.xcassets */ = {isa = PBXFileReference; lastKnownFileType = folder.assetcatalog; path = Assets.xcassets; sourceTree = "<group>"; };
		BB7FDCDA2826ADCD00CE0F5A /* Base */ = {isa = PBXFileReference; lastKnownFileType = file.storyboard; name = Base; path = Base.lproj/LaunchScreen.storyboard; sourceTree = "<group>"; };
		BB7FDCDC2826ADCD00CE0F5A /* Info.plist */ = {isa = PBXFileReference; lastKnownFileType = text.plist.xml; path = Info.plist; sourceTree = "<group>"; };
		BB7FDCE12826ADCD00CE0F5A /* PunkApiTests.xctest */ = {isa = PBXFileReference; explicitFileType = wrapper.cfbundle; includeInIndex = 0; path = PunkApiTests.xctest; sourceTree = BUILT_PRODUCTS_DIR; };
		BB7FDCE52826ADCD00CE0F5A /* PunkApiTests.swift */ = {isa = PBXFileReference; lastKnownFileType = sourcecode.swift; path = PunkApiTests.swift; sourceTree = "<group>"; };
		BB7FDCEB2826ADCD00CE0F5A /* PunkApiUITests.xctest */ = {isa = PBXFileReference; explicitFileType = wrapper.cfbundle; includeInIndex = 0; path = PunkApiUITests.xctest; sourceTree = BUILT_PRODUCTS_DIR; };
		BB7FDCEF2826ADCD00CE0F5A /* PunkApiUITests.swift */ = {isa = PBXFileReference; lastKnownFileType = sourcecode.swift; path = PunkApiUITests.swift; sourceTree = "<group>"; };
		BB7FDCF12826ADCD00CE0F5A /* PunkApiUITestsLaunchTests.swift */ = {isa = PBXFileReference; lastKnownFileType = sourcecode.swift; path = PunkApiUITestsLaunchTests.swift; sourceTree = "<group>"; };
		C084207112DDE70DA9FC0630 /* Pods_PunkApi.framework */ = {isa = PBXFileReference; explicitFileType = wrapper.framework; includeInIndex = 0; path = Pods_PunkApi.framework; sourceTree = BUILT_PRODUCTS_DIR; };
		FE64E3C6B5B9E850A58ADBDD /* Pods-PunkApi.debug.xcconfig */ = {isa = PBXFileReference; includeInIndex = 1; lastKnownFileType = text.xcconfig; name = "Pods-PunkApi.debug.xcconfig"; path = "Target Support Files/Pods-PunkApi/Pods-PunkApi.debug.xcconfig"; sourceTree = "<group>"; };
/* End PBXFileReference section */

/* Begin PBXFrameworksBuildPhase section */
		BB7FDCC82826ADCB00CE0F5A /* Frameworks */ = {
			isa = PBXFrameworksBuildPhase;
			buildActionMask = 2147483647;
			files = (
				EA837B2B0B594A61F3AC9279 /* Pods_PunkApi.framework in Frameworks */,
			);
			runOnlyForDeploymentPostprocessing = 0;
		};
		BB7FDCDE2826ADCD00CE0F5A /* Frameworks */ = {
			isa = PBXFrameworksBuildPhase;
			buildActionMask = 2147483647;
			files = (
				01F68A8257668D0C3622867B /* Pods_PunkApiTests.framework in Frameworks */,
			);
			runOnlyForDeploymentPostprocessing = 0;
		};
		BB7FDCE82826ADCD00CE0F5A /* Frameworks */ = {
			isa = PBXFrameworksBuildPhase;
			buildActionMask = 2147483647;
			files = (
				B027C6315B3CCF3478BAEEF0 /* Pods_PunkApi_PunkApiUITests.framework in Frameworks */,
			);
			runOnlyForDeploymentPostprocessing = 0;
		};
/* End PBXFrameworksBuildPhase section */

/* Begin PBXGroup section */
		7256732F3495D5DEA9BB2203 /* Frameworks */ = {
			isa = PBXGroup;
			children = (
				C084207112DDE70DA9FC0630 /* Pods_PunkApi.framework */,
				857F6A63C4ED4289928679B4 /* Pods_PunkApi_PunkApiUITests.framework */,
				7924244A1EA22EAD12D79571 /* Pods_PunkApiTests.framework */,
			);
			name = Frameworks;
			sourceTree = "<group>";
		};
		7D39BC5C8350BD86F23E218F /* Pods */ = {
			isa = PBXGroup;
			children = (
				FE64E3C6B5B9E850A58ADBDD /* Pods-PunkApi.debug.xcconfig */,
				B4359A616540A0B7EB7444AE /* Pods-PunkApi.release.xcconfig */,
				1D4C19A580E047607C68F03A /* Pods-PunkApi-PunkApiUITests.debug.xcconfig */,
				4B6AF3BFD65EE9516A62072F /* Pods-PunkApi-PunkApiUITests.release.xcconfig */,
				56A177E475E7FECE44422C75 /* Pods-PunkApiTests.debug.xcconfig */,
				AAEA5E9C074DD5FEF61D2FA0 /* Pods-PunkApiTests.release.xcconfig */,
			);
			path = Pods;
			sourceTree = "<group>";
		};
		BB7A8745282954CB0025FA55 /* Modules */ = {
			isa = PBXGroup;
			children = (
				BB7A8743282918310025FA55 /* Beers.swift */,
				BB7A87462829550E0025FA55 /* BeersPresenter.swift */,
				BB7A874128290D200025FA55 /* BeersService.swift */,
				BB7FDCD22826ADCB00CE0F5A /* BeersViewController.swift */,
				BB7A87572829B0990025FA55 /* BeersTVCell.swift */,
			);
			path = Modules;
			sourceTree = "<group>";
		};
		BB7A8748282962420025FA55 /* Utils */ = {
			isa = PBXGroup;
			children = (
				BB7A8751282965F10025FA55 /* Extensions */,
				BB7A8749282962570025FA55 /* LocalizableKey.swift */,
			);
			path = Utils;
			sourceTree = "<group>";
		};
		BB7A874B282962D40025FA55 /* Resources */ = {
			isa = PBXGroup;
			children = (
				BB7FDCD72826ADCD00CE0F5A /* Assets.xcassets */,
				BB7FDCDC2826ADCD00CE0F5A /* Info.plist */,
				BB7FDCD92826ADCD00CE0F5A /* LaunchScreen.storyboard */,
				BB7A8750282963090025FA55 /* Localizable.strings */,
			);
			path = Resources;
			sourceTree = "<group>";
		};
		BB7A8751282965F10025FA55 /* Extensions */ = {
			isa = PBXGroup;
			children = (
				BB7A8752282966080025FA55 /* Localizable+Strings.swift */,
				BB7A8754282966F60025FA55 /* UIView+Extension.swift */,
				BB7A875D2829B5740025FA55 /* Reusable.swift */,
				BB7A875F2829B5870025FA55 /* UITableView+Reusable.swift */,
				BB7A87612829B5CB0025FA55 /* NibLoadable.swift */,
				BB7A8763282A38300025FA55 /* Shadow+CALayer.swift */,
			);
			path = Extensions;
			sourceTree = "<group>";
		};
		BB7A8756282968C50025FA55 /* App */ = {
			isa = PBXGroup;
			children = (
				BB7FDCCE2826ADCB00CE0F5A /* AppDelegate.swift */,
				BB7FDCD02826ADCB00CE0F5A /* SceneDelegate.swift */,
			);
			path = App;
			sourceTree = "<group>";
		};
		BB7FDCC22826ADCB00CE0F5A = {
			isa = PBXGroup;
			children = (
				BB7FDCCD2826ADCB00CE0F5A /* PunkApi */,
				BB7FDCE42826ADCD00CE0F5A /* PunkApiTests */,
				BB7FDCEE2826ADCD00CE0F5A /* PunkApiUITests */,
				BB7FDCCC2826ADCB00CE0F5A /* Products */,
				7D39BC5C8350BD86F23E218F /* Pods */,
				7256732F3495D5DEA9BB2203 /* Frameworks */,
			);
			sourceTree = "<group>";
		};
		BB7FDCCC2826ADCB00CE0F5A /* Products */ = {
			isa = PBXGroup;
			children = (
				BB7FDCCB2826ADCB00CE0F5A /* PunkApi.app */,
				BB7FDCE12826ADCD00CE0F5A /* PunkApiTests.xctest */,
				BB7FDCEB2826ADCD00CE0F5A /* PunkApiUITests.xctest */,
			);
			name = Products;
			sourceTree = "<group>";
		};
		BB7FDCCD2826ADCB00CE0F5A /* PunkApi */ = {
			isa = PBXGroup;
			children = (
				BB7A8756282968C50025FA55 /* App */,
				BB7A8745282954CB0025FA55 /* Modules */,
				BB7A874B282962D40025FA55 /* Resources */,
				BB7A8748282962420025FA55 /* Utils */,
			);
			path = PunkApi;
			sourceTree = "<group>";
		};
		BB7FDCE42826ADCD00CE0F5A /* PunkApiTests */ = {
			isa = PBXGroup;
			children = (
				BB7FDCE52826ADCD00CE0F5A /* PunkApiTests.swift */,
			);
			path = PunkApiTests;
			sourceTree = "<group>";
		};
		BB7FDCEE2826ADCD00CE0F5A /* PunkApiUITests */ = {
			isa = PBXGroup;
			children = (
				BB7FDCEF2826ADCD00CE0F5A /* PunkApiUITests.swift */,
				BB7FDCF12826ADCD00CE0F5A /* PunkApiUITestsLaunchTests.swift */,
			);
			path = PunkApiUITests;
			sourceTree = "<group>";
		};
/* End PBXGroup section */

/* Begin PBXNativeTarget section */
		BB7FDCCA2826ADCB00CE0F5A /* PunkApi */ = {
			isa = PBXNativeTarget;
			buildConfigurationList = BB7FDCF52826ADCD00CE0F5A /* Build configuration list for PBXNativeTarget "PunkApi" */;
			buildPhases = (
				598DAE32DD2035B9E7F93126 /* [CP] Check Pods Manifest.lock */,
				BB7FDCC72826ADCB00CE0F5A /* Sources */,
				BB7FDCC82826ADCB00CE0F5A /* Frameworks */,
				BB7FDCC92826ADCB00CE0F5A /* Resources */,
				5BA17F26AB0D7D6E6AE35B4E /* [CP] Embed Pods Frameworks */,
			);
			buildRules = (
			);
			dependencies = (
			);
			name = PunkApi;
			productName = PunkApi;
			productReference = BB7FDCCB2826ADCB00CE0F5A /* PunkApi.app */;
			productType = "com.apple.product-type.application";
		};
		BB7FDCE02826ADCD00CE0F5A /* PunkApiTests */ = {
			isa = PBXNativeTarget;
			buildConfigurationList = BB7FDCF82826ADCD00CE0F5A /* Build configuration list for PBXNativeTarget "PunkApiTests" */;
			buildPhases = (
				A17D0404D4358C884BE3E72E /* [CP] Check Pods Manifest.lock */,
				BB7FDCDD2826ADCD00CE0F5A /* Sources */,
				BB7FDCDE2826ADCD00CE0F5A /* Frameworks */,
				BB7FDCDF2826ADCD00CE0F5A /* Resources */,
			);
			buildRules = (
			);
			dependencies = (
				BB7FDCE32826ADCD00CE0F5A /* PBXTargetDependency */,
			);
			name = PunkApiTests;
			productName = PunkApiTests;
			productReference = BB7FDCE12826ADCD00CE0F5A /* PunkApiTests.xctest */;
			productType = "com.apple.product-type.bundle.unit-test";
		};
		BB7FDCEA2826ADCD00CE0F5A /* PunkApiUITests */ = {
			isa = PBXNativeTarget;
			buildConfigurationList = BB7FDCFB2826ADCD00CE0F5A /* Build configuration list for PBXNativeTarget "PunkApiUITests" */;
			buildPhases = (
				92918B989C98F7302278F405 /* [CP] Check Pods Manifest.lock */,
				BB7FDCE72826ADCD00CE0F5A /* Sources */,
				BB7FDCE82826ADCD00CE0F5A /* Frameworks */,
				BB7FDCE92826ADCD00CE0F5A /* Resources */,
				5C92AD867B45B02D3A048321 /* [CP] Embed Pods Frameworks */,
			);
			buildRules = (
			);
			dependencies = (
				BB7FDCED2826ADCD00CE0F5A /* PBXTargetDependency */,
			);
			name = PunkApiUITests;
			productName = PunkApiUITests;
			productReference = BB7FDCEB2826ADCD00CE0F5A /* PunkApiUITests.xctest */;
			productType = "com.apple.product-type.bundle.ui-testing";
		};
/* End PBXNativeTarget section */

/* Begin PBXProject section */
		BB7FDCC32826ADCB00CE0F5A /* Project object */ = {
			isa = PBXProject;
			attributes = {
				BuildIndependentTargetsInParallel = 1;
				LastSwiftUpdateCheck = 1330;
				LastUpgradeCheck = 1330;
				TargetAttributes = {
					BB7FDCCA2826ADCB00CE0F5A = {
						CreatedOnToolsVersion = 13.3.1;
					};
					BB7FDCE02826ADCD00CE0F5A = {
						CreatedOnToolsVersion = 13.3.1;
						TestTargetID = BB7FDCCA2826ADCB00CE0F5A;
					};
					BB7FDCEA2826ADCD00CE0F5A = {
						CreatedOnToolsVersion = 13.3.1;
						TestTargetID = BB7FDCCA2826ADCB00CE0F5A;
					};
				};
			};
			buildConfigurationList = BB7FDCC62826ADCB00CE0F5A /* Build configuration list for PBXProject "PunkApi" */;
			compatibilityVersion = "Xcode 13.0";
			developmentRegion = en;
			hasScannedForEncodings = 0;
			knownRegions = (
				en,
				Base,
			);
			mainGroup = BB7FDCC22826ADCB00CE0F5A;
			productRefGroup = BB7FDCCC2826ADCB00CE0F5A /* Products */;
			projectDirPath = "";
			projectRoot = "";
			targets = (
				BB7FDCCA2826ADCB00CE0F5A /* PunkApi */,
				BB7FDCE02826ADCD00CE0F5A /* PunkApiTests */,
				BB7FDCEA2826ADCD00CE0F5A /* PunkApiUITests */,
			);
		};
/* End PBXProject section */

/* Begin PBXResourcesBuildPhase section */
		BB7FDCC92826ADCB00CE0F5A /* Resources */ = {
			isa = PBXResourcesBuildPhase;
			buildActionMask = 2147483647;
			files = (
				BB7FDCDB2826ADCD00CE0F5A /* LaunchScreen.storyboard in Resources */,
				BB7A874E282963090025FA55 /* Localizable.strings in Resources */,
				BB7FDCD82826ADCD00CE0F5A /* Assets.xcassets in Resources */,
			);
			runOnlyForDeploymentPostprocessing = 0;
		};
		BB7FDCDF2826ADCD00CE0F5A /* Resources */ = {
			isa = PBXResourcesBuildPhase;
			buildActionMask = 2147483647;
			files = (
			);
			runOnlyForDeploymentPostprocessing = 0;
		};
		BB7FDCE92826ADCD00CE0F5A /* Resources */ = {
			isa = PBXResourcesBuildPhase;
			buildActionMask = 2147483647;
			files = (
			);
			runOnlyForDeploymentPostprocessing = 0;
		};
/* End PBXResourcesBuildPhase section */

/* Begin PBXShellScriptBuildPhase section */
		598DAE32DD2035B9E7F93126 /* [CP] Check Pods Manifest.lock */ = {
			isa = PBXShellScriptBuildPhase;
			buildActionMask = 2147483647;
			files = (
			);
			inputFileListPaths = (
			);
			inputPaths = (
				"${PODS_PODFILE_DIR_PATH}/Podfile.lock",
				"${PODS_ROOT}/Manifest.lock",
			);
			name = "[CP] Check Pods Manifest.lock";
			outputFileListPaths = (
			);
			outputPaths = (
				"$(DERIVED_FILE_DIR)/Pods-PunkApi-checkManifestLockResult.txt",
			);
			runOnlyForDeploymentPostprocessing = 0;
			shellPath = /bin/sh;
			shellScript = "diff \"${PODS_PODFILE_DIR_PATH}/Podfile.lock\" \"${PODS_ROOT}/Manifest.lock\" > /dev/null\nif [ $? != 0 ] ; then\n    # print error to STDERR\n    echo \"error: The sandbox is not in sync with the Podfile.lock. Run 'pod install' or update your CocoaPods installation.\" >&2\n    exit 1\nfi\n# This output is used by Xcode 'outputs' to avoid re-running this script phase.\necho \"SUCCESS\" > \"${SCRIPT_OUTPUT_FILE_0}\"\n";
			showEnvVarsInLog = 0;
		};
		5BA17F26AB0D7D6E6AE35B4E /* [CP] Embed Pods Frameworks */ = {
			isa = PBXShellScriptBuildPhase;
			buildActionMask = 2147483647;
			files = (
			);
			inputFileListPaths = (
				"${PODS_ROOT}/Target Support Files/Pods-PunkApi/Pods-PunkApi-frameworks-${CONFIGURATION}-input-files.xcfilelist",
			);
			name = "[CP] Embed Pods Frameworks";
			outputFileListPaths = (
				"${PODS_ROOT}/Target Support Files/Pods-PunkApi/Pods-PunkApi-frameworks-${CONFIGURATION}-output-files.xcfilelist",
			);
			runOnlyForDeploymentPostprocessing = 0;
			shellPath = /bin/sh;
			shellScript = "\"${PODS_ROOT}/Target Support Files/Pods-PunkApi/Pods-PunkApi-frameworks.sh\"\n";
			showEnvVarsInLog = 0;
		};
		5C92AD867B45B02D3A048321 /* [CP] Embed Pods Frameworks */ = {
			isa = PBXShellScriptBuildPhase;
			buildActionMask = 2147483647;
			files = (
			);
			inputFileListPaths = (
				"${PODS_ROOT}/Target Support Files/Pods-PunkApi-PunkApiUITests/Pods-PunkApi-PunkApiUITests-frameworks-${CONFIGURATION}-input-files.xcfilelist",
			);
			name = "[CP] Embed Pods Frameworks";
			outputFileListPaths = (
				"${PODS_ROOT}/Target Support Files/Pods-PunkApi-PunkApiUITests/Pods-PunkApi-PunkApiUITests-frameworks-${CONFIGURATION}-output-files.xcfilelist",
			);
			runOnlyForDeploymentPostprocessing = 0;
			shellPath = /bin/sh;
			shellScript = "\"${PODS_ROOT}/Target Support Files/Pods-PunkApi-PunkApiUITests/Pods-PunkApi-PunkApiUITests-frameworks.sh\"\n";
			showEnvVarsInLog = 0;
		};
		92918B989C98F7302278F405 /* [CP] Check Pods Manifest.lock */ = {
			isa = PBXShellScriptBuildPhase;
			buildActionMask = 2147483647;
			files = (
			);
			inputFileListPaths = (
			);
			inputPaths = (
				"${PODS_PODFILE_DIR_PATH}/Podfile.lock",
				"${PODS_ROOT}/Manifest.lock",
			);
			name = "[CP] Check Pods Manifest.lock";
			outputFileListPaths = (
			);
			outputPaths = (
				"$(DERIVED_FILE_DIR)/Pods-PunkApi-PunkApiUITests-checkManifestLockResult.txt",
			);
			runOnlyForDeploymentPostprocessing = 0;
			shellPath = /bin/sh;
			shellScript = "diff \"${PODS_PODFILE_DIR_PATH}/Podfile.lock\" \"${PODS_ROOT}/Manifest.lock\" > /dev/null\nif [ $? != 0 ] ; then\n    # print error to STDERR\n    echo \"error: The sandbox is not in sync with the Podfile.lock. Run 'pod install' or update your CocoaPods installation.\" >&2\n    exit 1\nfi\n# This output is used by Xcode 'outputs' to avoid re-running this script phase.\necho \"SUCCESS\" > \"${SCRIPT_OUTPUT_FILE_0}\"\n";
			showEnvVarsInLog = 0;
		};
		A17D0404D4358C884BE3E72E /* [CP] Check Pods Manifest.lock */ = {
			isa = PBXShellScriptBuildPhase;
			buildActionMask = 2147483647;
			files = (
			);
			inputFileListPaths = (
			);
			inputPaths = (
				"${PODS_PODFILE_DIR_PATH}/Podfile.lock",
				"${PODS_ROOT}/Manifest.lock",
			);
			name = "[CP] Check Pods Manifest.lock";
			outputFileListPaths = (
			);
			outputPaths = (
				"$(DERIVED_FILE_DIR)/Pods-PunkApiTests-checkManifestLockResult.txt",
			);
			runOnlyForDeploymentPostprocessing = 0;
			shellPath = /bin/sh;
			shellScript = "diff \"${PODS_PODFILE_DIR_PATH}/Podfile.lock\" \"${PODS_ROOT}/Manifest.lock\" > /dev/null\nif [ $? != 0 ] ; then\n    # print error to STDERR\n    echo \"error: The sandbox is not in sync with the Podfile.lock. Run 'pod install' or update your CocoaPods installation.\" >&2\n    exit 1\nfi\n# This output is used by Xcode 'outputs' to avoid re-running this script phase.\necho \"SUCCESS\" > \"${SCRIPT_OUTPUT_FILE_0}\"\n";
			showEnvVarsInLog = 0;
		};
/* End PBXShellScriptBuildPhase section */

/* Begin PBXSourcesBuildPhase section */
		BB7FDCC72826ADCB00CE0F5A /* Sources */ = {
			isa = PBXSourcesBuildPhase;
			buildActionMask = 2147483647;
			files = (
				BB7A87472829550E0025FA55 /* BeersPresenter.swift in Sources */,
				BB7A875E2829B5740025FA55 /* Reusable.swift in Sources */,
				BB7A8744282918310025FA55 /* Beers.swift in Sources */,
				BB7A874228290D200025FA55 /* BeersService.swift in Sources */,
				BB7A87602829B5870025FA55 /* UITableView+Reusable.swift in Sources */,
				BB7A8764282A38300025FA55 /* Shadow+CALayer.swift in Sources */,
				BB7A8755282966F60025FA55 /* UIView+Extension.swift in Sources */,
				BB7A8753282966080025FA55 /* Localizable+Strings.swift in Sources */,
				BB7A87582829B0990025FA55 /* BeersTVCell.swift in Sources */,
				BB7FDCD32826ADCB00CE0F5A /* BeersViewController.swift in Sources */,
				BB7FDCCF2826ADCB00CE0F5A /* AppDelegate.swift in Sources */,
				BB7A874A282962570025FA55 /* LocalizableKey.swift in Sources */,
				BB7A87622829B5CB0025FA55 /* NibLoadable.swift in Sources */,
				BB7FDCD12826ADCB00CE0F5A /* SceneDelegate.swift in Sources */,
			);
			runOnlyForDeploymentPostprocessing = 0;
		};
		BB7FDCDD2826ADCD00CE0F5A /* Sources */ = {
			isa = PBXSourcesBuildPhase;
			buildActionMask = 2147483647;
			files = (
				BB7FDCE62826ADCD00CE0F5A /* PunkApiTests.swift in Sources */,
			);
			runOnlyForDeploymentPostprocessing = 0;
		};
		BB7FDCE72826ADCD00CE0F5A /* Sources */ = {
			isa = PBXSourcesBuildPhase;
			buildActionMask = 2147483647;
			files = (
				BB7FDCF02826ADCD00CE0F5A /* PunkApiUITests.swift in Sources */,
				BB7FDCF22826ADCD00CE0F5A /* PunkApiUITestsLaunchTests.swift in Sources */,
			);
			runOnlyForDeploymentPostprocessing = 0;
		};
/* End PBXSourcesBuildPhase section */

/* Begin PBXTargetDependency section */
		BB7FDCE32826ADCD00CE0F5A /* PBXTargetDependency */ = {
			isa = PBXTargetDependency;
			target = BB7FDCCA2826ADCB00CE0F5A /* PunkApi */;
			targetProxy = BB7FDCE22826ADCD00CE0F5A /* PBXContainerItemProxy */;
		};
		BB7FDCED2826ADCD00CE0F5A /* PBXTargetDependency */ = {
			isa = PBXTargetDependency;
			target = BB7FDCCA2826ADCB00CE0F5A /* PunkApi */;
			targetProxy = BB7FDCEC2826ADCD00CE0F5A /* PBXContainerItemProxy */;
		};
/* End PBXTargetDependency section */

/* Begin PBXVariantGroup section */
		BB7A8750282963090025FA55 /* Localizable.strings */ = {
			isa = PBXVariantGroup;
			children = (
				BB7A874F282963090025FA55 /* en */,
			);
			name = Localizable.strings;
			sourceTree = "<group>";
		};
		BB7FDCD92826ADCD00CE0F5A /* LaunchScreen.storyboard */ = {
			isa = PBXVariantGroup;
			children = (
				BB7FDCDA2826ADCD00CE0F5A /* Base */,
			);
			name = LaunchScreen.storyboard;
			sourceTree = "<group>";
		};
/* End PBXVariantGroup section */

/* Begin XCBuildConfiguration section */
		BB7FDCF32826ADCD00CE0F5A /* Debug */ = {
			isa = XCBuildConfiguration;
			buildSettings = {
				ALWAYS_SEARCH_USER_PATHS = NO;
				CLANG_ANALYZER_NONNULL = YES;
				CLANG_ANALYZER_NUMBER_OBJECT_CONVERSION = YES_AGGRESSIVE;
				CLANG_CXX_LANGUAGE_STANDARD = "gnu++17";
				CLANG_ENABLE_MODULES = YES;
				CLANG_ENABLE_OBJC_ARC = YES;
				CLANG_ENABLE_OBJC_WEAK = YES;
				CLANG_WARN_BLOCK_CAPTURE_AUTORELEASING = YES;
				CLANG_WARN_BOOL_CONVERSION = YES;
				CLANG_WARN_COMMA = YES;
				CLANG_WARN_CONSTANT_CONVERSION = YES;
				CLANG_WARN_DEPRECATED_OBJC_IMPLEMENTATIONS = YES;
				CLANG_WARN_DIRECT_OBJC_ISA_USAGE = YES_ERROR;
				CLANG_WARN_DOCUMENTATION_COMMENTS = YES;
				CLANG_WARN_EMPTY_BODY = YES;
				CLANG_WARN_ENUM_CONVERSION = YES;
				CLANG_WARN_INFINITE_RECURSION = YES;
				CLANG_WARN_INT_CONVERSION = YES;
				CLANG_WARN_NON_LITERAL_NULL_CONVERSION = YES;
				CLANG_WARN_OBJC_IMPLICIT_RETAIN_SELF = YES;
				CLANG_WARN_OBJC_LITERAL_CONVERSION = YES;
				CLANG_WARN_OBJC_ROOT_CLASS = YES_ERROR;
				CLANG_WARN_QUOTED_INCLUDE_IN_FRAMEWORK_HEADER = YES;
				CLANG_WARN_RANGE_LOOP_ANALYSIS = YES;
				CLANG_WARN_STRICT_PROTOTYPES = YES;
				CLANG_WARN_SUSPICIOUS_MOVE = YES;
				CLANG_WARN_UNGUARDED_AVAILABILITY = YES_AGGRESSIVE;
				CLANG_WARN_UNREACHABLE_CODE = YES;
				CLANG_WARN__DUPLICATE_METHOD_MATCH = YES;
				COPY_PHASE_STRIP = NO;
				DEBUG_INFORMATION_FORMAT = dwarf;
				ENABLE_STRICT_OBJC_MSGSEND = YES;
				ENABLE_TESTABILITY = YES;
				GCC_C_LANGUAGE_STANDARD = gnu11;
				GCC_DYNAMIC_NO_PIC = NO;
				GCC_NO_COMMON_BLOCKS = YES;
				GCC_OPTIMIZATION_LEVEL = 0;
				GCC_PREPROCESSOR_DEFINITIONS = (
					"DEBUG=1",
					"$(inherited)",
				);
				GCC_WARN_64_TO_32_BIT_CONVERSION = YES;
				GCC_WARN_ABOUT_RETURN_TYPE = YES_ERROR;
				GCC_WARN_UNDECLARED_SELECTOR = YES;
				GCC_WARN_UNINITIALIZED_AUTOS = YES_AGGRESSIVE;
				GCC_WARN_UNUSED_FUNCTION = YES;
				GCC_WARN_UNUSED_VARIABLE = YES;
				IPHONEOS_DEPLOYMENT_TARGET = 15.4;
				MTL_ENABLE_DEBUG_INFO = INCLUDE_SOURCE;
				MTL_FAST_MATH = YES;
				ONLY_ACTIVE_ARCH = YES;
				SDKROOT = iphoneos;
				SWIFT_ACTIVE_COMPILATION_CONDITIONS = DEBUG;
				SWIFT_OPTIMIZATION_LEVEL = "-Onone";
			};
			name = Debug;
		};
		BB7FDCF42826ADCD00CE0F5A /* Release */ = {
			isa = XCBuildConfiguration;
			buildSettings = {
				ALWAYS_SEARCH_USER_PATHS = NO;
				CLANG_ANALYZER_NONNULL = YES;
				CLANG_ANALYZER_NUMBER_OBJECT_CONVERSION = YES_AGGRESSIVE;
				CLANG_CXX_LANGUAGE_STANDARD = "gnu++17";
				CLANG_ENABLE_MODULES = YES;
				CLANG_ENABLE_OBJC_ARC = YES;
				CLANG_ENABLE_OBJC_WEAK = YES;
				CLANG_WARN_BLOCK_CAPTURE_AUTORELEASING = YES;
				CLANG_WARN_BOOL_CONVERSION = YES;
				CLANG_WARN_COMMA = YES;
				CLANG_WARN_CONSTANT_CONVERSION = YES;
				CLANG_WARN_DEPRECATED_OBJC_IMPLEMENTATIONS = YES;
				CLANG_WARN_DIRECT_OBJC_ISA_USAGE = YES_ERROR;
				CLANG_WARN_DOCUMENTATION_COMMENTS = YES;
				CLANG_WARN_EMPTY_BODY = YES;
				CLANG_WARN_ENUM_CONVERSION = YES;
				CLANG_WARN_INFINITE_RECURSION = YES;
				CLANG_WARN_INT_CONVERSION = YES;
				CLANG_WARN_NON_LITERAL_NULL_CONVERSION = YES;
				CLANG_WARN_OBJC_IMPLICIT_RETAIN_SELF = YES;
				CLANG_WARN_OBJC_LITERAL_CONVERSION = YES;
				CLANG_WARN_OBJC_ROOT_CLASS = YES_ERROR;
				CLANG_WARN_QUOTED_INCLUDE_IN_FRAMEWORK_HEADER = YES;
				CLANG_WARN_RANGE_LOOP_ANALYSIS = YES;
				CLANG_WARN_STRICT_PROTOTYPES = YES;
				CLANG_WARN_SUSPICIOUS_MOVE = YES;
				CLANG_WARN_UNGUARDED_AVAILABILITY = YES_AGGRESSIVE;
				CLANG_WARN_UNREACHABLE_CODE = YES;
				CLANG_WARN__DUPLICATE_METHOD_MATCH = YES;
				COPY_PHASE_STRIP = NO;
				DEBUG_INFORMATION_FORMAT = "dwarf-with-dsym";
				ENABLE_NS_ASSERTIONS = NO;
				ENABLE_STRICT_OBJC_MSGSEND = YES;
				GCC_C_LANGUAGE_STANDARD = gnu11;
				GCC_NO_COMMON_BLOCKS = YES;
				GCC_WARN_64_TO_32_BIT_CONVERSION = YES;
				GCC_WARN_ABOUT_RETURN_TYPE = YES_ERROR;
				GCC_WARN_UNDECLARED_SELECTOR = YES;
				GCC_WARN_UNINITIALIZED_AUTOS = YES_AGGRESSIVE;
				GCC_WARN_UNUSED_FUNCTION = YES;
				GCC_WARN_UNUSED_VARIABLE = YES;
				IPHONEOS_DEPLOYMENT_TARGET = 15.4;
				MTL_ENABLE_DEBUG_INFO = NO;
				MTL_FAST_MATH = YES;
				SDKROOT = iphoneos;
				SWIFT_COMPILATION_MODE = wholemodule;
				SWIFT_OPTIMIZATION_LEVEL = "-O";
				VALIDATE_PRODUCT = YES;
			};
			name = Release;
		};
		BB7FDCF62826ADCD00CE0F5A /* Debug */ = {
			isa = XCBuildConfiguration;
			baseConfigurationReference = FE64E3C6B5B9E850A58ADBDD /* Pods-PunkApi.debug.xcconfig */;
			buildSettings = {
				ASSETCATALOG_COMPILER_APPICON_NAME = AppIcon;
				ASSETCATALOG_COMPILER_GLOBAL_ACCENT_COLOR_NAME = AccentColor;
				CODE_SIGN_STYLE = Manual;
				CURRENT_PROJECT_VERSION = 1;
				DEVELOPMENT_TEAM = "";
				GENERATE_INFOPLIST_FILE = YES;
				INFOPLIST_FILE = PunkApi/Resources/Info.plist;
				INFOPLIST_KEY_UIApplicationSupportsIndirectInputEvents = YES;
				INFOPLIST_KEY_UILaunchStoryboardName = LaunchScreen;
				INFOPLIST_KEY_UISupportedInterfaceOrientations_iPad = "UIInterfaceOrientationPortrait UIInterfaceOrientationPortraitUpsideDown UIInterfaceOrientationLandscapeLeft UIInterfaceOrientationLandscapeRight";
				INFOPLIST_KEY_UISupportedInterfaceOrientations_iPhone = "UIInterfaceOrientationPortrait UIInterfaceOrientationLandscapeLeft UIInterfaceOrientationLandscapeRight";
				LD_RUNPATH_SEARCH_PATHS = (
					"$(inherited)",
					"@executable_path/Frameworks",
				);
				MARKETING_VERSION = 1.0;
				PRODUCT_BUNDLE_IDENTIFIER = sm.PunkApi;
				PRODUCT_NAME = "$(TARGET_NAME)";
				PROVISIONING_PROFILE_SPECIFIER = "";
				SWIFT_EMIT_LOC_STRINGS = YES;
				SWIFT_VERSION = 5.0;
				TARGETED_DEVICE_FAMILY = "1,2";
			};
			name = Debug;
		};
		BB7FDCF72826ADCD00CE0F5A /* Release */ = {
			isa = XCBuildConfiguration;
			baseConfigurationReference = B4359A616540A0B7EB7444AE /* Pods-PunkApi.release.xcconfig */;
			buildSettings = {
				ASSETCATALOG_COMPILER_APPICON_NAME = AppIcon;
				ASSETCATALOG_COMPILER_GLOBAL_ACCENT_COLOR_NAME = AccentColor;
				CODE_SIGN_STYLE = Manual;
				CURRENT_PROJECT_VERSION = 1;
				DEVELOPMENT_TEAM = "";
				GENERATE_INFOPLIST_FILE = YES;
				INFOPLIST_FILE = PunkApi/Resources/Info.plist;
				INFOPLIST_KEY_UIApplicationSupportsIndirectInputEvents = YES;
				INFOPLIST_KEY_UILaunchStoryboardName = LaunchScreen;
				INFOPLIST_KEY_UISupportedInterfaceOrientations_iPad = "UIInterfaceOrientationPortrait UIInterfaceOrientationPortraitUpsideDown UIInterfaceOrientationLandscapeLeft UIInterfaceOrientationLandscapeRight";
				INFOPLIST_KEY_UISupportedInterfaceOrientations_iPhone = "UIInterfaceOrientationPortrait UIInterfaceOrientationLandscapeLeft UIInterfaceOrientationLandscapeRight";
				LD_RUNPATH_SEARCH_PATHS = (
					"$(inherited)",
					"@executable_path/Frameworks",
				);
				MARKETING_VERSION = 1.0;
				PRODUCT_BUNDLE_IDENTIFIER = sm.PunkApi;
				PRODUCT_NAME = "$(TARGET_NAME)";
				PROVISIONING_PROFILE_SPECIFIER = "";
				SWIFT_EMIT_LOC_STRINGS = YES;
				SWIFT_VERSION = 5.0;
				TARGETED_DEVICE_FAMILY = "1,2";
			};
			name = Release;
		};
		BB7FDCF92826ADCD00CE0F5A /* Debug */ = {
			isa = XCBuildConfiguration;
			baseConfigurationReference = 56A177E475E7FECE44422C75 /* Pods-PunkApiTests.debug.xcconfig */;
			buildSettings = {
				ALWAYS_EMBED_SWIFT_STANDARD_LIBRARIES = YES;
				BUNDLE_LOADER = "$(TEST_HOST)";
				CODE_SIGN_STYLE = Automatic;
				CURRENT_PROJECT_VERSION = 1;
				DEVELOPMENT_TEAM = G7W2ANVLD3;
				GENERATE_INFOPLIST_FILE = YES;
				IPHONEOS_DEPLOYMENT_TARGET = 15.4;
				MARKETING_VERSION = 1.0;
				PRODUCT_BUNDLE_IDENTIFIER = sm.PunkApiTests;
				PRODUCT_NAME = "$(TARGET_NAME)";
				SWIFT_EMIT_LOC_STRINGS = NO;
				SWIFT_VERSION = 5.0;
				TARGETED_DEVICE_FAMILY = "1,2";
				TEST_HOST = "$(BUILT_PRODUCTS_DIR)/PunkApi.app/PunkApi";
			};
			name = Debug;
		};
		BB7FDCFA2826ADCD00CE0F5A /* Release */ = {
			isa = XCBuildConfiguration;
			baseConfigurationReference = AAEA5E9C074DD5FEF61D2FA0 /* Pods-PunkApiTests.release.xcconfig */;
			buildSettings = {
				ALWAYS_EMBED_SWIFT_STANDARD_LIBRARIES = YES;
				BUNDLE_LOADER = "$(TEST_HOST)";
				CODE_SIGN_STYLE = Automatic;
				CURRENT_PROJECT_VERSION = 1;
				DEVELOPMENT_TEAM = G7W2ANVLD3;
				GENERATE_INFOPLIST_FILE = YES;
				IPHONEOS_DEPLOYMENT_TARGET = 15.4;
				MARKETING_VERSION = 1.0;
				PRODUCT_BUNDLE_IDENTIFIER = sm.PunkApiTests;
				PRODUCT_NAME = "$(TARGET_NAME)";
				SWIFT_EMIT_LOC_STRINGS = NO;
				SWIFT_VERSION = 5.0;
				TARGETED_DEVICE_FAMILY = "1,2";
				TEST_HOST = "$(BUILT_PRODUCTS_DIR)/PunkApi.app/PunkApi";
			};
			name = Release;
		};
		BB7FDCFC2826ADCD00CE0F5A /* Debug */ = {
			isa = XCBuildConfiguration;
			baseConfigurationReference = 1D4C19A580E047607C68F03A /* Pods-PunkApi-PunkApiUITests.debug.xcconfig */;
			buildSettings = {
				ALWAYS_EMBED_SWIFT_STANDARD_LIBRARIES = YES;
				CODE_SIGN_STYLE = Automatic;
				CURRENT_PROJECT_VERSION = 1;
				DEVELOPMENT_TEAM = G7W2ANVLD3;
				GENERATE_INFOPLIST_FILE = YES;
				MARKETING_VERSION = 1.0;
				PRODUCT_BUNDLE_IDENTIFIER = sm.PunkApiUITests;
				PRODUCT_NAME = "$(TARGET_NAME)";
				SWIFT_EMIT_LOC_STRINGS = NO;
				SWIFT_VERSION = 5.0;
				TARGETED_DEVICE_FAMILY = "1,2";
				TEST_TARGET_NAME = PunkApi;
			};
			name = Debug;
		};
		BB7FDCFD2826ADCD00CE0F5A /* Release */ = {
			isa = XCBuildConfiguration;
			baseConfigurationReference = 4B6AF3BFD65EE9516A62072F /* Pods-PunkApi-PunkApiUITests.release.xcconfig */;
			buildSettings = {
				ALWAYS_EMBED_SWIFT_STANDARD_LIBRARIES = YES;
				CODE_SIGN_STYLE = Automatic;
				CURRENT_PROJECT_VERSION = 1;
				DEVELOPMENT_TEAM = G7W2ANVLD3;
				GENERATE_INFOPLIST_FILE = YES;
				MARKETING_VERSION = 1.0;
				PRODUCT_BUNDLE_IDENTIFIER = sm.PunkApiUITests;
				PRODUCT_NAME = "$(TARGET_NAME)";
				SWIFT_EMIT_LOC_STRINGS = NO;
				SWIFT_VERSION = 5.0;
				TARGETED_DEVICE_FAMILY = "1,2";
				TEST_TARGET_NAME = PunkApi;
			};
			name = Release;
		};
/* End XCBuildConfiguration section */

/* Begin XCConfigurationList section */
		BB7FDCC62826ADCB00CE0F5A /* Build configuration list for PBXProject "PunkApi" */ = {
			isa = XCConfigurationList;
			buildConfigurations = (
				BB7FDCF32826ADCD00CE0F5A /* Debug */,
				BB7FDCF42826ADCD00CE0F5A /* Release */,
			);
			defaultConfigurationIsVisible = 0;
			defaultConfigurationName = Release;
		};
		BB7FDCF52826ADCD00CE0F5A /* Build configuration list for PBXNativeTarget "PunkApi" */ = {
			isa = XCConfigurationList;
			buildConfigurations = (
				BB7FDCF62826ADCD00CE0F5A /* Debug */,
				BB7FDCF72826ADCD00CE0F5A /* Release */,
			);
			defaultConfigurationIsVisible = 0;
			defaultConfigurationName = Release;
		};
		BB7FDCF82826ADCD00CE0F5A /* Build configuration list for PBXNativeTarget "PunkApiTests" */ = {
			isa = XCConfigurationList;
			buildConfigurations = (
				BB7FDCF92826ADCD00CE0F5A /* Debug */,
				BB7FDCFA2826ADCD00CE0F5A /* Release */,
			);
			defaultConfigurationIsVisible = 0;
			defaultConfigurationName = Release;
		};
		BB7FDCFB2826ADCD00CE0F5A /* Build configuration list for PBXNativeTarget "PunkApiUITests" */ = {
			isa = XCConfigurationList;
			buildConfigurations = (
				BB7FDCFC2826ADCD00CE0F5A /* Debug */,
				BB7FDCFD2826ADCD00CE0F5A /* Release */,
			);
			defaultConfigurationIsVisible = 0;
			defaultConfigurationName = Release;
		};
/* End XCConfigurationList section */
	};
	rootObject = BB7FDCC32826ADCB00CE0F5A /* Project object */;
}
